<?xml version="1.0" encoding="utf-8"?>
<Project ToolsVersion="4.0" xmlns="http://schemas.microsoft.com/developer/msbuild/2003">
  <ItemGroup>
    <ClCompile Include="src\Main.cpp" />
    <ClCompile Include="src\Generated\BaseLayer.cpp">
      <Filter>Generated</Filter>
    </ClCompile>
    <ClCompile Include="src\Generated\DependentCode.cpp">
      <Filter>Generated</Filter>
    </ClCompile>
    <ClCompile Include="src\Generated\Japanese.cpp">
      <Filter>Generated</Filter>
    </ClCompile>
    <ClCompile Include="src\Generated\RTCOPAppInitializer.cpp">
      <Filter>Generated</Filter>
    </ClCompile>
    <ClCompile Include="src\Hello.cpp" />
  </ItemGroup>
  <ItemGroup>
    <Filter Include="Generated">
      <UniqueIdentifier>{9423151b-4557-4dbb-9973-8a1eeff51bb1}</UniqueIdentifier>
    </Filter>
  </ItemGroup>
  <ItemGroup>
    <ClInclude Include="src\Generated\ActivationForApp.h">
      <Filter>Generated</Filter>
    </ClInclude>
    <ClInclude Include="src\Generated\API.h">
      <Filter>Generated</Filter>
    </ClInclude>
    <ClInclude Include="src\Generated\BaseLayer.h">
      <Filter>Generated</Filter>
    </ClInclude>
    <ClInclude Include="src\Generated\COPNewForApp.h">
      <Filter>Generated</Filter>
    </ClInclude>
    <ClInclude Include="src\Generated\DependentCode.h">
      <Filter>Generated</Filter>
    </ClInclude>
    <ClInclude Include="src\Generated\Japanese.h">
      <Filter>Generated</Filter>
    </ClInclude>
    <ClInclude Include="src\Generated\RTCOPAppInitializer.h">
      <Filter>Generated</Filter>
    </ClInclude>
    <ClInclude Include="src\Generated\Layer_Private.h">
      <Filter>Generated</Filter>
    </ClInclude>
    <ClInclude Include="src\Generated\LayerdObject_Private.h">
      <Filter>Generated</Filter>
    </ClInclude>
    <ClInclude Include="src\Hello.h" />
  </ItemGroup>
  <ItemGroup>
    <MASM Include="src\Generated\DependentCodeAsm.asm">
      <Filter>Generated</Filter>
    </MASM>
  </ItemGroup>
  <ItemGroup>
    <None Include="src\Japanese.lcpp" />
    <None Include="src\Japanese.lh" />
  </ItemGroup>
</Project>